// !$*UTF8*$!
{
	archiveVersion = 1;
	classes = {
	};
	objectVersion = 50;
	objects = {

/* Begin PBXBuildFile section */
		CFB0B68A23E29DB500755E1B /* AppDelegate.swift in Sources */ = {isa = PBXBuildFile; fileRef = CFB0B68923E29DB500755E1B /* AppDelegate.swift */; };
		CFB0B68C23E29DB500755E1B /* SceneDelegate.swift in Sources */ = {isa = PBXBuildFile; fileRef = CFB0B68B23E29DB500755E1B /* SceneDelegate.swift */; };
		CFB0B68E23E29DB500755E1B /* ViewController.swift in Sources */ = {isa = PBXBuildFile; fileRef = CFB0B68D23E29DB500755E1B /* ViewController.swift */; };
		CFB0B69123E29DB500755E1B /* Main.storyboard in Resources */ = {isa = PBXBuildFile; fileRef = CFB0B68F23E29DB500755E1B /* Main.storyboard */; };
		CFB0B69323E29DB700755E1B /* Assets.xcassets in Resources */ = {isa = PBXBuildFile; fileRef = CFB0B69223E29DB700755E1B /* Assets.xcassets */; };
		CFB0B69623E29DB700755E1B /* LaunchScreen.storyboard in Resources */ = {isa = PBXBuildFile; fileRef = CFB0B69423E29DB700755E1B /* LaunchScreen.storyboard */; };
		CFB0B6A123E29DB700755E1B /* FlixTests.swift in Sources */ = {isa = PBXBuildFile; fileRef = CFB0B6A023E29DB700755E1B /* FlixTests.swift */; };
		CFB0B6AC23E29DB700755E1B /* FlixUITests.swift in Sources */ = {isa = PBXBuildFile; fileRef = CFB0B6AB23E29DB700755E1B /* FlixUITests.swift */; };
/* End PBXBuildFile section */

/* Begin PBXContainerItemProxy section */
		CFB0B69D23E29DB700755E1B /* PBXContainerItemProxy */ = {
			isa = PBXContainerItemProxy;
			containerPortal = CFB0B67E23E29DB500755E1B /* Project object */;
			proxyType = 1;
			remoteGlobalIDString = CFB0B68523E29DB500755E1B;
			remoteInfo = Flix;
		};
		CFB0B6A823E29DB700755E1B /* PBXContainerItemProxy */ = {
			isa = PBXContainerItemProxy;
			containerPortal = CFB0B67E23E29DB500755E1B /* Project object */;
			proxyType = 1;
			remoteGlobalIDString = CFB0B68523E29DB500755E1B;
			remoteInfo = Flix;
		};
/* End PBXContainerItemProxy section */

/* Begin PBXFileReference section */
		CFB0B68623E29DB500755E1B /* Flix.app */ = {isa = PBXFileReference; explicitFileType = wrapper.application; includeInIndex = 0; path = Flix.app; sourceTree = BUILT_PRODUCTS_DIR; };
		CFB0B68923E29DB500755E1B /* AppDelegate.swift */ = {isa = PBXFileReference; lastKnownFileType = sourcecode.swift; path = AppDelegate.swift; sourceTree = "<group>"; };
		CFB0B68B23E29DB500755E1B /* SceneDelegate.swift */ = {isa = PBXFileReference; lastKnownFileType = sourcecode.swift; path = SceneDelegate.swift; sourceTree = "<group>"; };
		CFB0B68D23E29DB500755E1B /* ViewController.swift */ = {isa = PBXFileReference; lastKnownFileType = sourcecode.swift; path = ViewController.swift; sourceTree = "<group>"; };
		CFB0B69023E29DB500755E1B /* Base */ = {isa = PBXFileReference; lastKnownFileType = file.storyboard; name = Base; path = Base.lproj/Main.storyboard; sourceTree = "<group>"; };
		CFB0B69223E29DB700755E1B /* Assets.xcassets */ = {isa = PBXFileReference; lastKnownFileType = folder.assetcatalog; path = Assets.xcassets; sourceTree = "<group>"; };
		CFB0B69523E29DB700755E1B /* Base */ = {isa = PBXFileReference; lastKnownFileType = file.storyboard; name = Base; path = Base.lproj/LaunchScreen.storyboard; sourceTree = "<group>"; };
		CFB0B69723E29DB700755E1B /* Info.plist */ = {isa = PBXFileReference; lastKnownFileType = text.plist.xml; path = Info.plist; sourceTree = "<group>"; };
		CFB0B69C23E29DB700755E1B /* FlixTests.xctest */ = {isa = PBXFileReference; explicitFileType = wrapper.cfbundle; includeInIndex = 0; path = FlixTests.xctest; sourceTree = BUILT_PRODUCTS_DIR; };
		CFB0B6A023E29DB700755E1B /* FlixTests.swift */ = {isa = PBXFileReference; lastKnownFileType = sourcecode.swift; path = FlixTests.swift; sourceTree = "<group>"; };
		CFB0B6A223E29DB700755E1B /* Info.plist */ = {isa = PBXFileReference; lastKnownFileType = text.plist.xml; path = Info.plist; sourceTree = "<group>"; };
		CFB0B6A723E29DB700755E1B /* FlixUITests.xctest */ = {isa = PBXFileReference; explicitFileType = wrapper.cfbundle; includeInIndex = 0; path = FlixUITests.xctest; sourceTree = BUILT_PRODUCTS_DIR; };
		CFB0B6AB23E29DB700755E1B /* FlixUITests.swift */ = {isa = PBXFileReference; lastKnownFileType = sourcecode.swift; path = FlixUITests.swift; sourceTree = "<group>"; };
		CFB0B6AD23E29DB700755E1B /* Info.plist */ = {isa = PBXFileReference; lastKnownFileType = text.plist.xml; path = Info.plist; sourceTree = "<group>"; };
/* End PBXFileReference section */

/* Begin PBXFrameworksBuildPhase section */
		CFB0B68323E29DB500755E1B /* Frameworks */ = {
			isa = PBXFrameworksBuildPhase;
			buildActionMask = 2147483647;
			files = (
			);
			runOnlyForDeploymentPostprocessing = 0;
		};
		CFB0B69923E29DB700755E1B /* Frameworks */ = {
			isa = PBXFrameworksBuildPhase;
			buildActionMask = 2147483647;
			files = (
			);
			runOnlyForDeploymentPostprocessing = 0;
		};
		CFB0B6A423E29DB700755E1B /* Frameworks */ = {
			isa = PBXFrameworksBuildPhase;
			buildActionMask = 2147483647;
			files = (
			);
			runOnlyForDeploymentPostprocessing = 0;
		};
/* End PBXFrameworksBuildPhase section */

/* Begin PBXGroup section */
		CFB0B67D23E29DB500755E1B = {
			isa = PBXGroup;
			children = (
				CFB0B68823E29DB500755E1B /* Flix */,
				CFB0B69F23E29DB700755E1B /* FlixTests */,
				CFB0B6AA23E29DB700755E1B /* FlixUITests */,
				CFB0B68723E29DB500755E1B /* Products */,
			);
			sourceTree = "<group>";
		};
		CFB0B68723E29DB500755E1B /* Products */ = {
			isa = PBXGroup;
			children = (
				CFB0B68623E29DB500755E1B /* Flix.app */,
				CFB0B69C23E29DB700755E1B /* FlixTests.xctest */,
				CFB0B6A723E29DB700755E1B /* FlixUITests.xctest */,
			);
			name = Products;
			sourceTree = "<group>";
		};
		CFB0B68823E29DB500755E1B /* Flix */ = {
			isa = PBXGroup;
			children = (
				CFB0B68923E29DB500755E1B /* AppDelegate.swift */,
				CFB0B68B23E29DB500755E1B /* SceneDelegate.swift */,
				CFB0B68D23E29DB500755E1B /* ViewController.swift */,
				CFB0B68F23E29DB500755E1B /* Main.storyboard */,
				CFB0B69223E29DB700755E1B /* Assets.xcassets */,
				CFB0B69423E29DB700755E1B /* LaunchScreen.storyboard */,
				CFB0B69723E29DB700755E1B /* Info.plist */,
			);
			path = Flix;
			sourceTree = "<group>";
		};
		CFB0B69F23E29DB700755E1B /* FlixTests */ = {
			isa = PBXGroup;
			children = (
				CFB0B6A023E29DB700755E1B /* FlixTests.swift */,
				CFB0B6A223E29DB700755E1B /* Info.plist */,
			);
			path = FlixTests;
			sourceTree = "<group>";
		};
		CFB0B6AA23E29DB700755E1B /* FlixUITests */ = {
			isa = PBXGroup;
			children = (
				CFB0B6AB23E29DB700755E1B /* FlixUITests.swift */,
				CFB0B6AD23E29DB700755E1B /* Info.plist */,
			);
			path = FlixUITests;
			sourceTree = "<group>";
		};
/* End PBXGroup section */

/* Begin PBXNativeTarget section */
		CFB0B68523E29DB500755E1B /* Flix */ = {
			isa = PBXNativeTarget;
			buildConfigurationList = CFB0B6B023E29DB700755E1B /* Build configuration list for PBXNativeTarget "Flix" */;
			buildPhases = (
				CFB0B68223E29DB500755E1B /* Sources */,
				CFB0B68323E29DB500755E1B /* Frameworks */,
				CFB0B68423E29DB500755E1B /* Resources */,
			);
			buildRules = (
			);
			dependencies = (
			);
			name = Flix;
			productName = Flix;
			productReference = CFB0B68623E29DB500755E1B /* Flix.app */;
			productType = "com.apple.product-type.application";
		};
		CFB0B69B23E29DB700755E1B /* FlixTests */ = {
			isa = PBXNativeTarget;
			buildConfigurationList = CFB0B6B323E29DB700755E1B /* Build configuration list for PBXNativeTarget "FlixTests" */;
			buildPhases = (
				CFB0B69823E29DB700755E1B /* Sources */,
				CFB0B69923E29DB700755E1B /* Frameworks */,
				CFB0B69A23E29DB700755E1B /* Resources */,
			);
			buildRules = (
			);
			dependencies = (
				CFB0B69E23E29DB700755E1B /* PBXTargetDependency */,
			);
			name = FlixTests;
			productName = FlixTests;
			productReference = CFB0B69C23E29DB700755E1B /* FlixTests.xctest */;
			productType = "com.apple.product-type.bundle.unit-test";
		};
		CFB0B6A623E29DB700755E1B /* FlixUITests */ = {
			isa = PBXNativeTarget;
			buildConfigurationList = CFB0B6B623E29DB700755E1B /* Build configuration list for PBXNativeTarget "FlixUITests" */;
			buildPhases = (
				CFB0B6A323E29DB700755E1B /* Sources */,
				CFB0B6A423E29DB700755E1B /* Frameworks */,
				CFB0B6A523E29DB700755E1B /* Resources */,
			);
			buildRules = (
			);
			dependencies = (
				CFB0B6A923E29DB700755E1B /* PBXTargetDependency */,
			);
			name = FlixUITests;
			productName = FlixUITests;
			productReference = CFB0B6A723E29DB700755E1B /* FlixUITests.xctest */;
			productType = "com.apple.product-type.bundle.ui-testing";
		};
/* End PBXNativeTarget section */

/* Begin PBXProject section */
		CFB0B67E23E29DB500755E1B /* Project object */ = {
			isa = PBXProject;
			attributes = {
				LastSwiftUpdateCheck = 1130;
				LastUpgradeCheck = 1130;
				ORGANIZATIONNAME = "Raul Flores";
				TargetAttributes = {
					CFB0B68523E29DB500755E1B = {
						CreatedOnToolsVersion = 11.3.1;
					};
					CFB0B69B23E29DB700755E1B = {
						CreatedOnToolsVersion = 11.3.1;
						TestTargetID = CFB0B68523E29DB500755E1B;
					};
					CFB0B6A623E29DB700755E1B = {
						CreatedOnToolsVersion = 11.3.1;
						TestTargetID = CFB0B68523E29DB500755E1B;
					};
				};
			};
			buildConfigurationList = CFB0B68123E29DB500755E1B /* Build configuration list for PBXProject "Flix" */;
			compatibilityVersion = "Xcode 9.3";
			developmentRegion = en;
			hasScannedForEncodings = 0;
			knownRegions = (
				en,
				Base,
			);
			mainGroup = CFB0B67D23E29DB500755E1B;
			productRefGroup = CFB0B68723E29DB500755E1B /* Products */;
			projectDirPath = "";
			projectRoot = "";
			targets = (
				CFB0B68523E29DB500755E1B /* Flix */,
				CFB0B69B23E29DB700755E1B /* FlixTests */,
				CFB0B6A623E29DB700755E1B /* FlixUITests */,
			);
		};
/* End PBXProject section */

/* Begin PBXResourcesBuildPhase section */
		CFB0B68423E29DB500755E1B /* Resources */ = {
			isa = PBXResourcesBuildPhase;
			buildActionMask = 2147483647;
			files = (
				CFB0B69623E29DB700755E1B /* LaunchScreen.storyboard in Resources */,
				CFB0B69323E29DB700755E1B /* Assets.xcassets in Resources */,
				CFB0B69123E29DB500755E1B /* Main.storyboard in Resources */,
			);
			runOnlyForDeploymentPostprocessing = 0;
		};
		CFB0B69A23E29DB700755E1B /* Resources */ = {
			isa = PBXResourcesBuildPhase;
			buildActionMask = 2147483647;
			files = (
			);
			runOnlyForDeploymentPostprocessing = 0;
		};
		CFB0B6A523E29DB700755E1B /* Resources */ = {
			isa = PBXResourcesBuildPhase;
			buildActionMask = 2147483647;
			files = (
			);
			runOnlyForDeploymentPostprocessing = 0;
		};
/* End PBXResourcesBuildPhase section */

/* Begin PBXSourcesBuildPhase section */
		CFB0B68223E29DB500755E1B /* Sources */ = {
			isa = PBXSourcesBuildPhase;
			buildActionMask = 2147483647;
			files = (
				CFB0B68E23E29DB500755E1B /* ViewController.swift in Sources */,
				CFB0B68A23E29DB500755E1B /* AppDelegate.swift in Sources */,
				CFB0B68C23E29DB500755E1B /* SceneDelegate.swift in Sources */,
			);
			runOnlyForDeploymentPostprocessing = 0;
		};
		CFB0B69823E29DB700755E1B /* Sources */ = {
			isa = PBXSourcesBuildPhase;
			buildActionMask = 2147483647;
			files = (
				CFB0B6A123E29DB700755E1B /* FlixTests.swift in Sources */,
			);
			runOnlyForDeploymentPostprocessing = 0;
		};
		CFB0B6A323E29DB700755E1B /* Sources */ = {
			isa = PBXSourcesBuildPhase;
			buildActionMask = 2147483647;
			files = (
				CFB0B6AC23E29DB700755E1B /* FlixUITests.swift in Sources */,
			);
			runOnlyForDeploymentPostprocessing = 0;
		};
/* End PBXSourcesBuildPhase section */

/* Begin PBXTargetDependency section */
		CFB0B69E23E29DB700755E1B /* PBXTargetDependency */ = {
			isa = PBXTargetDependency;
			target = CFB0B68523E29DB500755E1B /* Flix */;
			targetProxy = CFB0B69D23E29DB700755E1B /* PBXContainerItemProxy */;
		};
		CFB0B6A923E29DB700755E1B /* PBXTargetDependency */ = {
			isa = PBXTargetDependency;
			target = CFB0B68523E29DB500755E1B /* Flix */;
			targetProxy = CFB0B6A823E29DB700755E1B /* PBXContainerItemProxy */;
		};
/* End PBXTargetDependency section */

/* Begin PBXVariantGroup section */
		CFB0B68F23E29DB500755E1B /* Main.storyboard */ = {
			isa = PBXVariantGroup;
			children = (
				CFB0B69023E29DB500755E1B /* Base */,
			);
			name = Main.storyboard;
			sourceTree = "<group>";
		};
		CFB0B69423E29DB700755E1B /* LaunchScreen.storyboard */ = {
			isa = PBXVariantGroup;
			children = (
				CFB0B69523E29DB700755E1B /* Base */,
			);
			name = LaunchScreen.storyboard;
			sourceTree = "<group>";
		};
/* End PBXVariantGroup section */

/* Begin XCBuildConfiguration section */
		CFB0B6AE23E29DB700755E1B /* Debug */ = {
			isa = XCBuildConfiguration;
			buildSettings = {
				ALWAYS_SEARCH_USER_PATHS = NO;
				CLANG_ANALYZER_NONNULL = YES;
				CLANG_ANALYZER_NUMBER_OBJECT_CONVERSION = YES_AGGRESSIVE;
				CLANG_CXX_LANGUAGE_STANDARD = "gnu++14";
				CLANG_CXX_LIBRARY = "libc++";
				CLANG_ENABLE_MODULES = YES;
				CLANG_ENABLE_OBJC_ARC = YES;
				CLANG_ENABLE_OBJC_WEAK = YES;
				CLANG_WARN_BLOCK_CAPTURE_AUTORELEASING = YES;
				CLANG_WARN_BOOL_CONVERSION = YES;
				CLANG_WARN_COMMA = YES;
				CLANG_WARN_CONSTANT_CONVERSION = YES;
				CLANG_WARN_DEPRECATED_OBJC_IMPLEMENTATIONS = YES;
				CLANG_WARN_DIRECT_OBJC_ISA_USAGE = YES_ERROR;
				CLANG_WARN_DOCUMENTATION_COMMENTS = YES;
				CLANG_WARN_EMPTY_BODY = YES;
				CLANG_WARN_ENUM_CONVERSION = YES;
				CLANG_WARN_INFINITE_RECURSION = YES;
				CLANG_WARN_INT_CONVERSION = YES;
				CLANG_WARN_NON_LITERAL_NULL_CONVERSION = YES;
				CLANG_WARN_OBJC_IMPLICIT_RETAIN_SELF = YES;
				CLANG_WARN_OBJC_LITERAL_CONVERSION = YES;
				CLANG_WARN_OBJC_ROOT_CLASS = YES_ERROR;
				CLANG_WARN_RANGE_LOOP_ANALYSIS = YES;
				CLANG_WARN_STRICT_PROTOTYPES = YES;
				CLANG_WARN_SUSPICIOUS_MOVE = YES;
				CLANG_WARN_UNGUARDED_AVAILABILITY = YES_AGGRESSIVE;
				CLANG_WARN_UNREACHABLE_CODE = YES;
				CLANG_WARN__DUPLICATE_METHOD_MATCH = YES;
				COPY_PHASE_STRIP = NO;
				DEBUG_INFORMATION_FORMAT = dwarf;
				ENABLE_STRICT_OBJC_MSGSEND = YES;
				ENABLE_TESTABILITY = YES;
				GCC_C_LANGUAGE_STANDARD = gnu11;
				GCC_DYNAMIC_NO_PIC = NO;
				GCC_NO_COMMON_BLOCKS = YES;
				GCC_OPTIMIZATION_LEVEL = 0;
				GCC_PREPROCESSOR_DEFINITIONS = (
					"DEBUG=1",
					"$(inherited)",
				);
				GCC_WARN_64_TO_32_BIT_CONVERSION = YES;
				GCC_WARN_ABOUT_RETURN_TYPE = YES_ERROR;
				GCC_WARN_UNDECLARED_SELECTOR = YES;
				GCC_WARN_UNINITIALIZED_AUTOS = YES_AGGRESSIVE;
				GCC_WARN_UNUSED_FUNCTION = YES;
				GCC_WARN_UNUSED_VARIABLE = YES;
				IPHONEOS_DEPLOYMENT_TARGET = 13.2;
				MTL_ENABLE_DEBUG_INFO = INCLUDE_SOURCE;
				MTL_FAST_MATH = YES;
				ONLY_ACTIVE_ARCH = YES;
				SDKROOT = iphoneos;
				SWIFT_ACTIVE_COMPILATION_CONDITIONS = DEBUG;
				SWIFT_OPTIMIZATION_LEVEL = "-Onone";
			};
			name = Debug;
		};
		CFB0B6AF23E29DB700755E1B /* Release */ = {
			isa = XCBuildConfiguration;
			buildSettings = {
				ALWAYS_SEARCH_USER_PATHS = NO;
				CLANG_ANALYZER_NONNULL = YES;
				CLANG_ANALYZER_NUMBER_OBJECT_CONVERSION = YES_AGGRESSIVE;
				CLANG_CXX_LANGUAGE_STANDARD = "gnu++14";
				CLANG_CXX_LIBRARY = "libc++";
				CLANG_ENABLE_MODULES = YES;
				CLANG_ENABLE_OBJC_ARC = YES;
				CLANG_ENABLE_OBJC_WEAK = YES;
				CLANG_WARN_BLOCK_CAPTURE_AUTORELEASING = YES;
				CLANG_WARN_BOOL_CONVERSION = YES;
				CLANG_WARN_COMMA = YES;
				CLANG_WARN_CONSTANT_CONVERSION = YES;
				CLANG_WARN_DEPRECATED_OBJC_IMPLEMENTATIONS = YES;
				CLANG_WARN_DIRECT_OBJC_ISA_USAGE = YES_ERROR;
				CLANG_WARN_DOCUMENTATION_COMMENTS = YES;
				CLANG_WARN_EMPTY_BODY = YES;
				CLANG_WARN_ENUM_CONVERSION = YES;
				CLANG_WARN_INFINITE_RECURSION = YES;
				CLANG_WARN_INT_CONVERSION = YES;
				CLANG_WARN_NON_LITERAL_NULL_CONVERSION = YES;
				CLANG_WARN_OBJC_IMPLICIT_RETAIN_SELF = YES;
				CLANG_WARN_OBJC_LITERAL_CONVERSION = YES;
				CLANG_WARN_OBJC_ROOT_CLASS = YES_ERROR;
				CLANG_WARN_RANGE_LOOP_ANALYSIS = YES;
				CLANG_WARN_STRICT_PROTOTYPES = YES;
				CLANG_WARN_SUSPICIOUS_MOVE = YES;
				CLANG_WARN_UNGUARDED_AVAILABILITY = YES_AGGRESSIVE;
				CLANG_WARN_UNREACHABLE_CODE = YES;
				CLANG_WARN__DUPLICATE_METHOD_MATCH = YES;
				COPY_PHASE_STRIP = NO;
				DEBUG_INFORMATION_FORMAT = "dwarf-with-dsym";
				ENABLE_NS_ASSERTIONS = NO;
				ENABLE_STRICT_OBJC_MSGSEND = YES;
				GCC_C_LANGUAGE_STANDARD = gnu11;
				GCC_NO_COMMON_BLOCKS = YES;
				GCC_WARN_64_TO_32_BIT_CONVERSION = YES;
				GCC_WARN_ABOUT_RETURN_TYPE = YES_ERROR;
				GCC_WARN_UNDECLARED_SELECTOR = YES;
				GCC_WARN_UNINITIALIZED_AUTOS = YES_AGGRESSIVE;
				GCC_WARN_UNUSED_FUNCTION = YES;
				GCC_WARN_UNUSED_VARIABLE = YES;
				IPHONEOS_DEPLOYMENT_TARGET = 13.2;
				MTL_ENABLE_DEBUG_INFO = NO;
				MTL_FAST_MATH = YES;
				SDKROOT = iphoneos;
				SWIFT_COMPILATION_MODE = wholemodule;
				SWIFT_OPTIMIZATION_LEVEL = "-O";
				VALIDATE_PRODUCT = YES;
			};
			name = Release;
		};
		CFB0B6B123E29DB700755E1B /* Debug */ = {
			isa = XCBuildConfiguration;
			buildSettings = {
				ASSETCATALOG_COMPILER_APPICON_NAME = AppIcon;
				CODE_SIGN_STYLE = Automatic;
				INFOPLIST_FILE = Flix/Info.plist;
				LD_RUNPATH_SEARCH_PATHS = (
					"$(inherited)",
					"@executable_path/Frameworks",
				);
				PRODUCT_BUNDLE_IDENTIFIER = com.codepath.Flix;
				PRODUCT_NAME = "$(TARGET_NAME)";
				SWIFT_VERSION = 5.0;
				TARGETED_DEVICE_FAMILY = "1,2";
			};
			name = Debug;
		};
		CFB0B6B223E29DB700755E1B /* Release */ = {
			isa = XCBuildConfiguration;
			buildSettings = {
				ASSETCATALOG_COMPILER_APPICON_NAME = AppIcon;
				CODE_SIGN_STYLE = Automatic;
				INFOPLIST_FILE = Flix/Info.plist;
				LD_RUNPATH_SEARCH_PATHS = (
					"$(inherited)",
					"@executable_path/Frameworks",
				);
				PRODUCT_BUNDLE_IDENTIFIER = com.codepath.Flix;
				PRODUCT_NAME = "$(TARGET_NAME)";
				SWIFT_VERSION = 5.0;
				TARGETED_DEVICE_FAMILY = "1,2";
			};
			name = Release;
		};
		CFB0B6B423E29DB700755E1B /* Debug */ = {
			isa = XCBuildConfiguration;
			buildSettings = {
				ALWAYS_EMBED_SWIFT_STANDARD_LIBRARIES = YES;
				BUNDLE_LOADER = "$(TEST_HOST)";
				CODE_SIGN_STYLE = Automatic;
				INFOPLIST_FILE = FlixTests/Info.plist;
				IPHONEOS_DEPLOYMENT_TARGET = 13.2;
				LD_RUNPATH_SEARCH_PATHS = (
					"$(inherited)",
					"@executable_path/Frameworks",
					"@loader_path/Frameworks",
				);
				PRODUCT_BUNDLE_IDENTIFIER = com.codepath.FlixTests;
				PRODUCT_NAME = "$(TARGET_NAME)";
				SWIFT_VERSION = 5.0;
				TARGETED_DEVICE_FAMILY = "1,2";
				TEST_HOST = "$(BUILT_PRODUCTS_DIR)/Flix.app/Flix";
			};
			name = Debug;
		};
		CFB0B6B523E29DB700755E1B /* Release */ = {
			isa = XCBuildConfiguration;
			buildSettings = {
				ALWAYS_EMBED_SWIFT_STANDARD_LIBRARIES = YES;
				BUNDLE_LOADER = "$(TEST_HOST)";
				CODE_SIGN_STYLE = Automatic;
				INFOPLIST_FILE = FlixTests/Info.plist;
				IPHONEOS_DEPLOYMENT_TARGET = 13.2;
				LD_RUNPATH_SEARCH_PATHS = (
					"$(inherited)",
					"@executable_path/Frameworks",
					"@loader_path/Frameworks",
				);
				PRODUCT_BUNDLE_IDENTIFIER = com.codepath.FlixTests;
				PRODUCT_NAME = "$(TARGET_NAME)";
				SWIFT_VERSION = 5.0;
				TARGETED_DEVICE_FAMILY = "1,2";
				TEST_HOST = "$(BUILT_PRODUCTS_DIR)/Flix.app/Flix";
			};
			name = Release;
		};
		CFB0B6B723E29DB700755E1B /* Debug */ = {
			isa = XCBuildConfiguration;
			buildSettings = {
				ALWAYS_EMBED_SWIFT_STANDARD_LIBRARIES = YES;
				CODE_SIGN_STYLE = Automatic;
				INFOPLIST_FILE = FlixUITests/Info.plist;
				LD_RUNPATH_SEARCH_PATHS = (
					"$(inherited)",
					"@executable_path/Frameworks",
					"@loader_path/Frameworks",
				);
				PRODUCT_BUNDLE_IDENTIFIER = com.codepath.FlixUITests;
				PRODUCT_NAME = "$(TARGET_NAME)";
				SWIFT_VERSION = 5.0;
				TARGETED_DEVICE_FAMILY = "1,2";
				TEST_TARGET_NAME = Flix;
			};
			name = Debug;
		};
		CFB0B6B823E29DB700755E1B /* Release */ = {
			isa = XCBuildConfiguration;
			buildSettings = {
				ALWAYS_EMBED_SWIFT_STANDARD_LIBRARIES = YES;
				CODE_SIGN_STYLE = Automatic;
				INFOPLIST_FILE = FlixUITests/Info.plist;
				LD_RUNPATH_SEARCH_PATHS = (
					"$(inherited)",
					"@executable_path/Frameworks",
					"@loader_path/Frameworks",
				);
				PRODUCT_BUNDLE_IDENTIFIER = com.codepath.FlixUITests;
				PRODUCT_NAME = "$(TARGET_NAME)";
				SWIFT_VERSION = 5.0;
				TARGETED_DEVICE_FAMILY = "1,2";
				TEST_TARGET_NAME = Flix;
			};
			name = Release;
		};
/* End XCBuildConfiguration section */

/* Begin XCConfigurationList section */
		CFB0B68123E29DB500755E1B /* Build configuration list for PBXProject "Flix" */ = {
			isa = XCConfigurationList;
			buildConfigurations = (
				CFB0B6AE23E29DB700755E1B /* Debug */,
				CFB0B6AF23E29DB700755E1B /* Release */,
			);
			defaultConfigurationIsVisible = 0;
			defaultConfigurationName = Release;
		};
		CFB0B6B023E29DB700755E1B /* Build configuration list for PBXNativeTarget "Flix" */ = {
			isa = XCConfigurationList;
			buildConfigurations = (
				CFB0B6B123E29DB700755E1B /* Debug */,
				CFB0B6B223E29DB700755E1B /* Release */,
			);
			defaultConfigurationIsVisible = 0;
			defaultConfigurationName = Release;
		};
		CFB0B6B323E29DB700755E1B /* Build configuration list for PBXNativeTarget "FlixTests" */ = {
			isa = XCConfigurationList;
			buildConfigurations = (
				CFB0B6B423E29DB700755E1B /* Debug */,
				CFB0B6B523E29DB700755E1B /* Release */,
			);
			defaultConfigurationIsVisible = 0;
			defaultConfigurationName = Release;
		};
		CFB0B6B623E29DB700755E1B /* Build configuration list for PBXNativeTarget "FlixUITests" */ = {
			isa = XCConfigurationList;
			buildConfigurations = (
				CFB0B6B723E29DB700755E1B /* Debug */,
				CFB0B6B823E29DB700755E1B /* Release */,
			);
			defaultConfigurationIsVisible = 0;
			defaultConfigurationName = Release;
		};
/* End XCConfigurationList section */
	};
	rootObject = CFB0B67E23E29DB500755E1B /* Project object */;
}
